// !$*UTF8*$!
{
	archiveVersion = 1;
	classes = {
	};
	objectVersion = 55;
	objects = {

/* Begin PBXBuildFile section */
		6A584F1A2828CFFF007D6815 /* CustomTableViewCell.swift in Sources */ = {isa = PBXBuildFile; fileRef = 6A584F192828CFFF007D6815 /* CustomTableViewCell.swift */; };
		6AB586FE28290EE800C303F2 /* sample.storyboard in Resources */ = {isa = PBXBuildFile; fileRef = 6AB586FD28290EE800C303F2 /* sample.storyboard */; };
		6ADE94302824C0F90093ECB3 /* AppDelegate.swift in Sources */ = {isa = PBXBuildFile; fileRef = 6ADE942F2824C0F90093ECB3 /* AppDelegate.swift */; };
		6ADE94322824C0F90093ECB3 /* SceneDelegate.swift in Sources */ = {isa = PBXBuildFile; fileRef = 6ADE94312824C0F90093ECB3 /* SceneDelegate.swift */; };
		6ADE94342824C0F90093ECB3 /* ViewController.swift in Sources */ = {isa = PBXBuildFile; fileRef = 6ADE94332824C0F90093ECB3 /* ViewController.swift */; };
		6ADE94392824C0FB0093ECB3 /* Assets.xcassets in Resources */ = {isa = PBXBuildFile; fileRef = 6ADE94382824C0FB0093ECB3 /* Assets.xcassets */; };
		6ADE944B2824C87D0093ECB3 /* Hellix-Regular.ttf in Resources */ = {isa = PBXBuildFile; fileRef = 6ADE94462824C87D0093ECB3 /* Hellix-Regular.ttf */; };
		6ADE944C2824C87D0093ECB3 /* Hellix-Bold.ttf in Resources */ = {isa = PBXBuildFile; fileRef = 6ADE94472824C87D0093ECB3 /* Hellix-Bold.ttf */; };
		6ADE944D2824C87D0093ECB3 /* Hellix-Light.ttf in Resources */ = {isa = PBXBuildFile; fileRef = 6ADE94482824C87D0093ECB3 /* Hellix-Light.ttf */; };
		6ADE944E2824C87D0093ECB3 /* Hellix-SemiBold.ttf in Resources */ = {isa = PBXBuildFile; fileRef = 6ADE94492824C87D0093ECB3 /* Hellix-SemiBold.ttf */; };
		6ADE944F2824C87D0093ECB3 /* Hellix-Medium.ttf in Resources */ = {isa = PBXBuildFile; fileRef = 6ADE944A2824C87D0093ECB3 /* Hellix-Medium.ttf */; };
		6ADE94512824CAD50093ECB3 /* UIFont.swift in Sources */ = {isa = PBXBuildFile; fileRef = 6ADE94502824CAD40093ECB3 /* UIFont.swift */; };
/* End PBXBuildFile section */

/* Begin PBXFileReference section */
		6A584F192828CFFF007D6815 /* CustomTableViewCell.swift */ = {isa = PBXFileReference; lastKnownFileType = sourcecode.swift; path = CustomTableViewCell.swift; sourceTree = "<group>"; };
		6AB586FD28290EE800C303F2 /* sample.storyboard */ = {isa = PBXFileReference; lastKnownFileType = file.storyboard; path = sample.storyboard; sourceTree = "<group>"; };
		6ADE942C2824C0F90093ECB3 /* FanaticTV TableView.app */ = {isa = PBXFileReference; explicitFileType = wrapper.application; includeInIndex = 0; path = "FanaticTV TableView.app"; sourceTree = BUILT_PRODUCTS_DIR; };
		6ADE942F2824C0F90093ECB3 /* AppDelegate.swift */ = {isa = PBXFileReference; lastKnownFileType = sourcecode.swift; path = AppDelegate.swift; sourceTree = "<group>"; };
		6ADE94312824C0F90093ECB3 /* SceneDelegate.swift */ = {isa = PBXFileReference; lastKnownFileType = sourcecode.swift; path = SceneDelegate.swift; sourceTree = "<group>"; };
		6ADE94332824C0F90093ECB3 /* ViewController.swift */ = {isa = PBXFileReference; lastKnownFileType = sourcecode.swift; path = ViewController.swift; sourceTree = "<group>"; };
		6ADE94382824C0FB0093ECB3 /* Assets.xcassets */ = {isa = PBXFileReference; lastKnownFileType = folder.assetcatalog; path = Assets.xcassets; sourceTree = "<group>"; };
		6ADE943D2824C0FB0093ECB3 /* Info.plist */ = {isa = PBXFileReference; lastKnownFileType = text.plist.xml; path = Info.plist; sourceTree = "<group>"; };
		6ADE94462824C87D0093ECB3 /* Hellix-Regular.ttf */ = {isa = PBXFileReference; lastKnownFileType = file; path = "Hellix-Regular.ttf"; sourceTree = "<group>"; };
		6ADE94472824C87D0093ECB3 /* Hellix-Bold.ttf */ = {isa = PBXFileReference; lastKnownFileType = file; path = "Hellix-Bold.ttf"; sourceTree = "<group>"; };
		6ADE94482824C87D0093ECB3 /* Hellix-Light.ttf */ = {isa = PBXFileReference; lastKnownFileType = file; path = "Hellix-Light.ttf"; sourceTree = "<group>"; };
		6ADE94492824C87D0093ECB3 /* Hellix-SemiBold.ttf */ = {isa = PBXFileReference; lastKnownFileType = file; path = "Hellix-SemiBold.ttf"; sourceTree = "<group>"; };
		6ADE944A2824C87D0093ECB3 /* Hellix-Medium.ttf */ = {isa = PBXFileReference; lastKnownFileType = file; path = "Hellix-Medium.ttf"; sourceTree = "<group>"; };
		6ADE94502824CAD40093ECB3 /* UIFont.swift */ = {isa = PBXFileReference; fileEncoding = 4; lastKnownFileType = sourcecode.swift; path = UIFont.swift; sourceTree = "<group>"; };
/* End PBXFileReference section */

/* Begin PBXFrameworksBuildPhase section */
		6ADE94292824C0F90093ECB3 /* Frameworks */ = {
			isa = PBXFrameworksBuildPhase;
			buildActionMask = 2147483647;
			files = (
			);
			runOnlyForDeploymentPostprocessing = 0;
		};
/* End PBXFrameworksBuildPhase section */

/* Begin PBXGroup section */
		6ADE94232824C0F90093ECB3 = {
			isa = PBXGroup;
			children = (
				6ADE942E2824C0F90093ECB3 /* FanaticTV TableView */,
				6ADE942D2824C0F90093ECB3 /* Products */,
			);
			sourceTree = "<group>";
		};
		6ADE942D2824C0F90093ECB3 /* Products */ = {
			isa = PBXGroup;
			children = (
				6ADE942C2824C0F90093ECB3 /* FanaticTV TableView.app */,
			);
			name = Products;
			sourceTree = "<group>";
		};
		6ADE942E2824C0F90093ECB3 /* FanaticTV TableView */ = {
			isa = PBXGroup;
			children = (
				6ADE94452824C8650093ECB3 /* Fonts */,
				6ADE942F2824C0F90093ECB3 /* AppDelegate.swift */,
				6ADE94312824C0F90093ECB3 /* SceneDelegate.swift */,
				6ADE94332824C0F90093ECB3 /* ViewController.swift */,
				6ADE94502824CAD40093ECB3 /* UIFont.swift */,
				6ADE94382824C0FB0093ECB3 /* Assets.xcassets */,
				6ADE943D2824C0FB0093ECB3 /* Info.plist */,
				6A584F192828CFFF007D6815 /* CustomTableViewCell.swift */,
				6AB586FD28290EE800C303F2 /* sample.storyboard */,
			);
			path = "FanaticTV TableView";
			sourceTree = "<group>";
		};
		6ADE94452824C8650093ECB3 /* Fonts */ = {
			isa = PBXGroup;
			children = (
				6ADE94472824C87D0093ECB3 /* Hellix-Bold.ttf */,
				6ADE94482824C87D0093ECB3 /* Hellix-Light.ttf */,
				6ADE944A2824C87D0093ECB3 /* Hellix-Medium.ttf */,
				6ADE94462824C87D0093ECB3 /* Hellix-Regular.ttf */,
				6ADE94492824C87D0093ECB3 /* Hellix-SemiBold.ttf */,
			);
			path = Fonts;
			sourceTree = "<group>";
		};
/* End PBXGroup section */

/* Begin PBXNativeTarget section */
		6ADE942B2824C0F90093ECB3 /* FanaticTV TableView */ = {
			isa = PBXNativeTarget;
			buildConfigurationList = 6ADE94402824C0FB0093ECB3 /* Build configuration list for PBXNativeTarget "FanaticTV TableView" */;
			buildPhases = (
				6ADE94282824C0F90093ECB3 /* Sources */,
				6ADE94292824C0F90093ECB3 /* Frameworks */,
				6ADE942A2824C0F90093ECB3 /* Resources */,
			);
			buildRules = (
			);
			dependencies = (
			);
			name = "FanaticTV TableView";
			productName = "FanaticTV TableView";
			productReference = 6ADE942C2824C0F90093ECB3 /* FanaticTV TableView.app */;
			productType = "com.apple.product-type.application";
		};
/* End PBXNativeTarget section */

/* Begin PBXProject section */
		6ADE94242824C0F90093ECB3 /* Project object */ = {
			isa = PBXProject;
			attributes = {
				BuildIndependentTargetsInParallel = 1;
				LastSwiftUpdateCheck = 1330;
				LastUpgradeCheck = 1330;
				TargetAttributes = {
					6ADE942B2824C0F90093ECB3 = {
						CreatedOnToolsVersion = 13.3.1;
					};
				};
			};
			buildConfigurationList = 6ADE94272824C0F90093ECB3 /* Build configuration list for PBXProject "FanaticTV TableView" */;
			compatibilityVersion = "Xcode 13.0";
			developmentRegion = en;
			hasScannedForEncodings = 0;
			knownRegions = (
				en,
				Base,
			);
			mainGroup = 6ADE94232824C0F90093ECB3;
			productRefGroup = 6ADE942D2824C0F90093ECB3 /* Products */;
			projectDirPath = "";
			projectRoot = "";
			targets = (
				6ADE942B2824C0F90093ECB3 /* FanaticTV TableView */,
			);
		};
/* End PBXProject section */

/* Begin PBXResourcesBuildPhase section */
		6ADE942A2824C0F90093ECB3 /* Resources */ = {
			isa = PBXResourcesBuildPhase;
			buildActionMask = 2147483647;
			files = (
				6ADE94392824C0FB0093ECB3 /* Assets.xcassets in Resources */,
				6ADE944B2824C87D0093ECB3 /* Hellix-Regular.ttf in Resources */,
				6AB586FE28290EE800C303F2 /* sample.storyboard in Resources */,
				6ADE944C2824C87D0093ECB3 /* Hellix-Bold.ttf in Resources */,
				6ADE944F2824C87D0093ECB3 /* Hellix-Medium.ttf in Resources */,
				6ADE944D2824C87D0093ECB3 /* Hellix-Light.ttf in Resources */,
				6ADE944E2824C87D0093ECB3 /* Hellix-SemiBold.ttf in Resources */,
			);
			runOnlyForDeploymentPostprocessing = 0;
		};
/* End PBXResourcesBuildPhase section */

/* Begin PBXSourcesBuildPhase section */
		6ADE94282824C0F90093ECB3 /* Sources */ = {
			isa = PBXSourcesBuildPhase;
			buildActionMask = 2147483647;
			files = (
				6ADE94342824C0F90093ECB3 /* ViewController.swift in Sources */,
				6A584F1A2828CFFF007D6815 /* CustomTableViewCell.swift in Sources */,
				6ADE94302824C0F90093ECB3 /* AppDelegate.swift in Sources */,
				6ADE94512824CAD50093ECB3 /* UIFont.swift in Sources */,
				6ADE94322824C0F90093ECB3 /* SceneDelegate.swift in Sources */,
			);
			runOnlyForDeploymentPostprocessing = 0;
		};
/* End PBXSourcesBuildPhase section */

/* Begin XCBuildConfiguration section */
		6ADE943E2824C0FB0093ECB3 /* Debug */ = {
			isa = XCBuildConfiguration;
			buildSettings = {
				ALWAYS_SEARCH_USER_PATHS = NO;
				CLANG_ANALYZER_NONNULL = YES;
				CLANG_ANALYZER_NUMBER_OBJECT_CONVERSION = YES_AGGRESSIVE;
				CLANG_CXX_LANGUAGE_STANDARD = "gnu++17";
				CLANG_ENABLE_MODULES = YES;
				CLANG_ENABLE_OBJC_ARC = YES;
				CLANG_ENABLE_OBJC_WEAK = YES;
				CLANG_WARN_BLOCK_CAPTURE_AUTORELEASING = YES;
				CLANG_WARN_BOOL_CONVERSION = YES;
				CLANG_WARN_COMMA = YES;
				CLANG_WARN_CONSTANT_CONVERSION = YES;
				CLANG_WARN_DEPRECATED_OBJC_IMPLEMENTATIONS = YES;
				CLANG_WARN_DIRECT_OBJC_ISA_USAGE = YES_ERROR;
				CLANG_WARN_DOCUMENTATION_COMMENTS = YES;
				CLANG_WARN_EMPTY_BODY = YES;
				CLANG_WARN_ENUM_CONVERSION = YES;
				CLANG_WARN_INFINITE_RECURSION = YES;
				CLANG_WARN_INT_CONVERSION = YES;
				CLANG_WARN_NON_LITERAL_NULL_CONVERSION = YES;
				CLANG_WARN_OBJC_IMPLICIT_RETAIN_SELF = YES;
				CLANG_WARN_OBJC_LITERAL_CONVERSION = YES;
				CLANG_WARN_OBJC_ROOT_CLASS = YES_ERROR;
				CLANG_WARN_QUOTED_INCLUDE_IN_FRAMEWORK_HEADER = YES;
				CLANG_WARN_RANGE_LOOP_ANALYSIS = YES;
				CLANG_WARN_STRICT_PROTOTYPES = YES;
				CLANG_WARN_SUSPICIOUS_MOVE = YES;
				CLANG_WARN_UNGUARDED_AVAILABILITY = YES_AGGRESSIVE;
				CLANG_WARN_UNREACHABLE_CODE = YES;
				CLANG_WARN__DUPLICATE_METHOD_MATCH = YES;
				COPY_PHASE_STRIP = NO;
				DEBUG_INFORMATION_FORMAT = dwarf;
				ENABLE_STRICT_OBJC_MSGSEND = YES;
				ENABLE_TESTABILITY = YES;
				GCC_C_LANGUAGE_STANDARD = gnu11;
				GCC_DYNAMIC_NO_PIC = NO;
				GCC_NO_COMMON_BLOCKS = YES;
				GCC_OPTIMIZATION_LEVEL = 0;
				GCC_PREPROCESSOR_DEFINITIONS = (
					"DEBUG=1",
					"$(inherited)",
				);
				GCC_WARN_64_TO_32_BIT_CONVERSION = YES;
				GCC_WARN_ABOUT_RETURN_TYPE = YES_ERROR;
				GCC_WARN_UNDECLARED_SELECTOR = YES;
				GCC_WARN_UNINITIALIZED_AUTOS = YES_AGGRESSIVE;
				GCC_WARN_UNUSED_FUNCTION = YES;
				GCC_WARN_UNUSED_VARIABLE = YES;
				IPHONEOS_DEPLOYMENT_TARGET = 15.4;
				MTL_ENABLE_DEBUG_INFO = INCLUDE_SOURCE;
				MTL_FAST_MATH = YES;
				ONLY_ACTIVE_ARCH = YES;
				SDKROOT = iphoneos;
				SWIFT_ACTIVE_COMPILATION_CONDITIONS = DEBUG;
				SWIFT_OPTIMIZATION_LEVEL = "-Onone";
			};
			name = Debug;
		};
		6ADE943F2824C0FB0093ECB3 /* Release */ = {
			isa = XCBuildConfiguration;
			buildSettings = {
				ALWAYS_SEARCH_USER_PATHS = NO;
				CLANG_ANALYZER_NONNULL = YES;
				CLANG_ANALYZER_NUMBER_OBJECT_CONVERSION = YES_AGGRESSIVE;
				CLANG_CXX_LANGUAGE_STANDARD = "gnu++17";
				CLANG_ENABLE_MODULES = YES;
				CLANG_ENABLE_OBJC_ARC = YES;
				CLANG_ENABLE_OBJC_WEAK = YES;
				CLANG_WARN_BLOCK_CAPTURE_AUTORELEASING = YES;
				CLANG_WARN_BOOL_CONVERSION = YES;
				CLANG_WARN_COMMA = YES;
				CLANG_WARN_CONSTANT_CONVERSION = YES;
				CLANG_WARN_DEPRECATED_OBJC_IMPLEMENTATIONS = YES;
				CLANG_WARN_DIRECT_OBJC_ISA_USAGE = YES_ERROR;
				CLANG_WARN_DOCUMENTATION_COMMENTS = YES;
				CLANG_WARN_EMPTY_BODY = YES;
				CLANG_WARN_ENUM_CONVERSION = YES;
				CLANG_WARN_INFINITE_RECURSION = YES;
				CLANG_WARN_INT_CONVERSION = YES;
				CLANG_WARN_NON_LITERAL_NULL_CONVERSION = YES;
				CLANG_WARN_OBJC_IMPLICIT_RETAIN_SELF = YES;
				CLANG_WARN_OBJC_LITERAL_CONVERSION = YES;
				CLANG_WARN_OBJC_ROOT_CLASS = YES_ERROR;
				CLANG_WARN_QUOTED_INCLUDE_IN_FRAMEWORK_HEADER = YES;
				CLANG_WARN_RANGE_LOOP_ANALYSIS = YES;
				CLANG_WARN_STRICT_PROTOTYPES = YES;
				CLANG_WARN_SUSPICIOUS_MOVE = YES;
				CLANG_WARN_UNGUARDED_AVAILABILITY = YES_AGGRESSIVE;
				CLANG_WARN_UNREACHABLE_CODE = YES;
				CLANG_WARN__DUPLICATE_METHOD_MATCH = YES;
				COPY_PHASE_STRIP = NO;
				DEBUG_INFORMATION_FORMAT = "dwarf-with-dsym";
				ENABLE_NS_ASSERTIONS = NO;
				ENABLE_STRICT_OBJC_MSGSEND = YES;
				GCC_C_LANGUAGE_STANDARD = gnu11;
				GCC_NO_COMMON_BLOCKS = YES;
				GCC_WARN_64_TO_32_BIT_CONVERSION = YES;
				GCC_WARN_ABOUT_RETURN_TYPE = YES_ERROR;
				GCC_WARN_UNDECLARED_SELECTOR = YES;
				GCC_WARN_UNINITIALIZED_AUTOS = YES_AGGRESSIVE;
				GCC_WARN_UNUSED_FUNCTION = YES;
				GCC_WARN_UNUSED_VARIABLE = YES;
				IPHONEOS_DEPLOYMENT_TARGET = 15.4;
				MTL_ENABLE_DEBUG_INFO = NO;
				MTL_FAST_MATH = YES;
				SDKROOT = iphoneos;
				SWIFT_COMPILATION_MODE = wholemodule;
				SWIFT_OPTIMIZATION_LEVEL = "-O";
				VALIDATE_PRODUCT = YES;
			};
			name = Release;
		};
		6ADE94412824C0FB0093ECB3 /* Debug */ = {
			isa = XCBuildConfiguration;
			buildSettings = {
				ASSETCATALOG_COMPILER_APPICON_NAME = AppIcon;
				ASSETCATALOG_COMPILER_GLOBAL_ACCENT_COLOR_NAME = AccentColor;
				CODE_SIGN_STYLE = Automatic;
				CURRENT_PROJECT_VERSION = 1;
				GENERATE_INFOPLIST_FILE = YES;
				INFOPLIST_FILE = "FanaticTV TableView/Info.plist";
				INFOPLIST_KEY_UIApplicationSupportsIndirectInputEvents = YES;
				INFOPLIST_KEY_UILaunchStoryboardName = LaunchScreen;
				INFOPLIST_KEY_UISupportedInterfaceOrientations_iPad = "UIInterfaceOrientationPortrait UIInterfaceOrientationPortraitUpsideDown UIInterfaceOrientationLandscapeLeft UIInterfaceOrientationLandscapeRight";
				INFOPLIST_KEY_UISupportedInterfaceOrientations_iPhone = "UIInterfaceOrientationPortrait UIInterfaceOrientationLandscapeLeft UIInterfaceOrientationLandscapeRight";
				LD_RUNPATH_SEARCH_PATHS = (
					"$(inherited)",
					"@executable_path/Frameworks",
				);
				MARKETING_VERSION = 1.0;
				PRODUCT_BUNDLE_IDENTIFIER = "com.FanaticTV-TableView";
				PRODUCT_NAME = "$(TARGET_NAME)";
				SWIFT_EMIT_LOC_STRINGS = YES;
				SWIFT_VERSION = 5.0;
				TARGETED_DEVICE_FAMILY = "1,2";
			};
			name = Debug;
		};
		6ADE94422824C0FB0093ECB3 /* Release */ = {
			isa = XCBuildConfiguration;
			buildSettings = {
				ASSETCATALOG_COMPILER_APPICON_NAME = AppIcon;
				ASSETCATALOG_COMPILER_GLOBAL_ACCENT_COLOR_NAME = AccentColor;
				CODE_SIGN_STYLE = Automatic;
				CURRENT_PROJECT_VERSION = 1;
				GENERATE_INFOPLIST_FILE = YES;
				INFOPLIST_FILE = "FanaticTV TableView/Info.plist";
				INFOPLIST_KEY_UIApplicationSupportsIndirectInputEvents = YES;
				INFOPLIST_KEY_UILaunchStoryboardName = LaunchScreen;
				INFOPLIST_KEY_UISupportedInterfaceOrientations_iPad = "UIInterfaceOrientationPortrait UIInterfaceOrientationPortraitUpsideDown UIInterfaceOrientationLandscapeLeft UIInterfaceOrientationLandscapeRight";
				INFOPLIST_KEY_UISupportedInterfaceOrientations_iPhone = "UIInterfaceOrientationPortrait UIInterfaceOrientationLandscapeLeft UIInterfaceOrientationLandscapeRight";
				LD_RUNPATH_SEARCH_PATHS = (
					"$(inherited)",
					"@executable_path/Frameworks",
				);
				MARKETING_VERSION = 1.0;
				PRODUCT_BUNDLE_IDENTIFIER = "com.FanaticTV-TableView";
				PRODUCT_NAME = "$(TARGET_NAME)";
				SWIFT_EMIT_LOC_STRINGS = YES;
				SWIFT_VERSION = 5.0;
				TARGETED_DEVICE_FAMILY = "1,2";
			};
			name = Release;
		};
/* End XCBuildConfiguration section */

/* Begin XCConfigurationList section */
		6ADE94272824C0F90093ECB3 /* Build configuration list for PBXProject "FanaticTV TableView" */ = {
			isa = XCConfigurationList;
			buildConfigurations = (
				6ADE943E2824C0FB0093ECB3 /* Debug */,
				6ADE943F2824C0FB0093ECB3 /* Release */,
			);
			defaultConfigurationIsVisible = 0;
			defaultConfigurationName = Release;
		};
		6ADE94402824C0FB0093ECB3 /* Build configuration list for PBXNativeTarget "FanaticTV TableView" */ = {
			isa = XCConfigurationList;
			buildConfigurations = (
				6ADE94412824C0FB0093ECB3 /* Debug */,
				6ADE94422824C0FB0093ECB3 /* Release */,
			);
			defaultConfigurationIsVisible = 0;
			defaultConfigurationName = Release;
		};
/* End XCConfigurationList section */
	};
	rootObject = 6ADE94242824C0F90093ECB3 /* Project object */;
}
